# This file is automatically @generated by Cargo.
# It is not intended for manual editing.
[[package]]
name = "bit_field"
version = "0.9.0"
source = "registry+https://github.com/rust-lang/crates.io-index"
checksum = "ed8765909f9009617974ab6b7d332625b320b33c326b1e9321382ef1999b5d56"

[[package]]
name = "bitflags"
version = "1.2.1"
source = "registry+https://github.com/rust-lang/crates.io-index"
checksum = "cf1de2fe8c75bc145a2f577add951f8134889b4795d47466a54a5c846d691693"

[[package]]
name = "blog_os"
version = "0.1.0"
dependencies = [
 "bootloader",
 "lazy_static",
 "pic8259_simple",
 "rlibc",
 "spin",
 "x86_64",
]

[[package]]
name = "bootloader"
version = "0.9.9"
source = "registry+https://github.com/rust-lang/crates.io-index"
checksum = "dd6d8b0a125f7c1be168f6fd21d12c84148a807ef4896df8215a5607f9b2a9b4"

[[package]]
name = "cpuio"
version = "0.3.0"
source = "git+https://github.com/mwkroening/toyos-rs.git?branch=rdtsc#44ce6a2e5e7ea55dbc54185e0316a543caa3dfa0"

[[package]]
name = "lazy_static"
version = "1.4.0"
source = "registry+https://github.com/rust-lang/crates.io-index"
checksum = "e2abad23fbc42b3700f2f279844dc832adb2b2eb069b2df918f455c4e18cc646"
dependencies = [
 "spin",
]

[[package]]
name = "pic8259_simple"
version = "0.2.0"
source = "git+https://github.com/mwkroening/toyos-rs.git?branch=rdtsc#44ce6a2e5e7ea55dbc54185e0316a543caa3dfa0"
dependencies = [
 "cpuio",
]

[[package]]
name = "rlibc"
version = "1.0.0"
source = "registry+https://github.com/rust-lang/crates.io-index"
checksum = "fc874b127765f014d792f16763a81245ab80500e2ad921ed4ee9e82481ee08fe"

[[package]]
name = "spin"
version = "0.5.2"
source = "registry+https://github.com/rust-lang/crates.io-index"
checksum = "6e63cff320ae2c57904679ba7cb63280a3dc4613885beafb148ee7bf9aa9042d"

[[package]]
name = "x86_64"
version = "0.12.0"
source = "registry+https://github.com/rust-lang/crates.io-index"
checksum = "d20268f0997b4be9a3426f25673c49c5a92a98b3429809a6610c96cb3ca58794"
dependencies = [
 "bit_field",
 "bitflags",
]
